Microsoft Visual Studio Solution File, Format Version 12.00
# Visual Studio Version 17
VisualStudioVersion = 17.5.2.0
MinimumVisualStudioVersion = 10.0.40219.1
Project("{FAE04EC0-301F-11D3-BF4B-00C04F79EFBC}") = "inventory-api", "inventory-api\inventory-api.csproj", "{558FD3B3-1ADC-4DA3-0188-EEDA41058C33}"
EndProject
Global
	GlobalSection(SolutionConfigurationPlatforms) = preSolution
		Debug|Any CPU = Debug|Any CPU
		Release|Any CPU = Release|Any CPU
	EndGlobalSection
	GlobalSection(ProjectConfigurationPlatforms) = postSolution
		{558FD3B3-1ADC-4DA3-0188-EEDA41058C33}.Debug|Any CPU.ActiveCfg = Debug|Any CPU
		{558FD3B3-1ADC-4DA3-0188-EEDA41058C33}.Debug|Any CPU.Build.0 = Debug|Any CPU
		{558FD3B3-1ADC-4DA3-0188-EEDA41058C33}.Release|Any CPU.ActiveCfg = Release|Any CPU
		{558FD3B3-1ADC-4DA3-0188-EEDA41058C33}.Release|Any CPU.Build.0 = Release|Any CPU
	EndGlobalSection
	GlobalSection(SolutionProperties) = preSolution
		HideSolutionNode = FALSE
	EndGlobalSection
	GlobalSection(ExtensibilityGlobals) = postSolution
		SolutionGuid = {4D767014-455B-4AA6-8A8E-93C94F5FA653}
	EndGlobalSection
EndGlobal
